
Microsoft Visual Studio Solution File, Format Version 12.00
# Visual Studio Version 17
VisualStudioVersion = 17.7.34024.191
MinimumVisualStudioVersion = 10.0.40219.1
Project("{FAE04EC0-301F-11D3-BF4B-00C04F79EFBC}") = "Week4Loops", "Week4Loops\Week4Loops.csproj", "{67EB498E-158E-4A4D-8628-1376F4CA9DE8}"
EndProject
Project("{FAE04EC0-301F-11D3-BF4B-00C04F79EFBC}") = "ForLoopSum", "ForLoopSum\ForLoopSum.csproj", "{0F08F5F3-CCAD-4363-BB2B-AC1A16652162}"
EndProject
Project("{FAE04EC0-301F-11D3-BF4B-00C04F79EFBC}") = "RandomNumber", "RandomNumber\RandomNumber.csproj", "{584FE5C8-3A9B-47DE-9FD0-7C944C5F675E}"
EndProject
Project("{FAE04EC0-301F-11D3-BF4B-00C04F79EFBC}") = "WhileLoops", "WhileLoops\WhileLoops.csproj", "{B9B75A3A-42B4-4EBA-94BA-585EB3D3425E}"
EndProject
Project("{FAE04EC0-301F-11D3-BF4B-00C04F79EFBC}") = "Harjutus1", "Harjutus1\Harjutus1.csproj", "{9F71CEFB-8DC8-4C27-BD12-1B9C2DBD9EB5}"
EndProject
Project("{FAE04EC0-301F-11D3-BF4B-00C04F79EFBC}") = "Harjutus2", "Harjutus2\Harjutus2.csproj", "{417ACEBE-71A4-423D-8D29-ABCA2BA461B2}"
EndProject
Project("{FAE04EC0-301F-11D3-BF4B-00C04F79EFBC}") = "Harjutus3", "Harjutus3\Harjutus3.csproj", "{4D2AB1BE-99AD-4805-94A4-0A7331CF412F}"
EndProject
Global
	GlobalSection(SolutionConfigurationPlatforms) = preSolution
		Debug|Any CPU = Debug|Any CPU
		Release|Any CPU = Release|Any CPU
	EndGlobalSection
	GlobalSection(ProjectConfigurationPlatforms) = postSolution
		{67EB498E-158E-4A4D-8628-1376F4CA9DE8}.Debug|Any CPU.ActiveCfg = Debug|Any CPU
		{67EB498E-158E-4A4D-8628-1376F4CA9DE8}.Debug|Any CPU.Build.0 = Debug|Any CPU
		{67EB498E-158E-4A4D-8628-1376F4CA9DE8}.Release|Any CPU.ActiveCfg = Release|Any CPU
		{67EB498E-158E-4A4D-8628-1376F4CA9DE8}.Release|Any CPU.Build.0 = Release|Any CPU
		{0F08F5F3-CCAD-4363-BB2B-AC1A16652162}.Debug|Any CPU.ActiveCfg = Debug|Any CPU
		{0F08F5F3-CCAD-4363-BB2B-AC1A16652162}.Debug|Any CPU.Build.0 = Debug|Any CPU
		{0F08F5F3-CCAD-4363-BB2B-AC1A16652162}.Release|Any CPU.ActiveCfg = Release|Any CPU
		{0F08F5F3-CCAD-4363-BB2B-AC1A16652162}.Release|Any CPU.Build.0 = Release|Any CPU
		{584FE5C8-3A9B-47DE-9FD0-7C944C5F675E}.Debug|Any CPU.ActiveCfg = Debug|Any CPU
		{584FE5C8-3A9B-47DE-9FD0-7C944C5F675E}.Debug|Any CPU.Build.0 = Debug|Any CPU
		{584FE5C8-3A9B-47DE-9FD0-7C944C5F675E}.Release|Any CPU.ActiveCfg = Release|Any CPU
		{584FE5C8-3A9B-47DE-9FD0-7C944C5F675E}.Release|Any CPU.Build.0 = Release|Any CPU
		{B9B75A3A-42B4-4EBA-94BA-585EB3D3425E}.Debug|Any CPU.ActiveCfg = Debug|Any CPU
		{B9B75A3A-42B4-4EBA-94BA-585EB3D3425E}.Debug|Any CPU.Build.0 = Debug|Any CPU
		{B9B75A3A-42B4-4EBA-94BA-585EB3D3425E}.Release|Any CPU.ActiveCfg = Release|Any CPU
		{B9B75A3A-42B4-4EBA-94BA-585EB3D3425E}.Release|Any CPU.Build.0 = Release|Any CPU
		{9F71CEFB-8DC8-4C27-BD12-1B9C2DBD9EB5}.Debug|Any CPU.ActiveCfg = Debug|Any CPU
		{9F71CEFB-8DC8-4C27-BD12-1B9C2DBD9EB5}.Debug|Any CPU.Build.0 = Debug|Any CPU
		{9F71CEFB-8DC8-4C27-BD12-1B9C2DBD9EB5}.Release|Any CPU.ActiveCfg = Release|Any CPU
		{9F71CEFB-8DC8-4C27-BD12-1B9C2DBD9EB5}.Release|Any CPU.Build.0 = Release|Any CPU
		{417ACEBE-71A4-423D-8D29-ABCA2BA461B2}.Debug|Any CPU.ActiveCfg = Debug|Any CPU
		{417ACEBE-71A4-423D-8D29-ABCA2BA461B2}.Debug|Any CPU.Build.0 = Debug|Any CPU
		{417ACEBE-71A4-423D-8D29-ABCA2BA461B2}.Release|Any CPU.ActiveCfg = Release|Any CPU
		{417ACEBE-71A4-423D-8D29-ABCA2BA461B2}.Release|Any CPU.Build.0 = Release|Any CPU
		{4D2AB1BE-99AD-4805-94A4-0A7331CF412F}.Debug|Any CPU.ActiveCfg = Debug|Any CPU
		{4D2AB1BE-99AD-4805-94A4-0A7331CF412F}.Debug|Any CPU.Build.0 = Debug|Any CPU
		{4D2AB1BE-99AD-4805-94A4-0A7331CF412F}.Release|Any CPU.ActiveCfg = Release|Any CPU
		{4D2AB1BE-99AD-4805-94A4-0A7331CF412F}.Release|Any CPU.Build.0 = Release|Any CPU
	EndGlobalSection
	GlobalSection(SolutionProperties) = preSolution
		HideSolutionNode = FALSE
	EndGlobalSection
	GlobalSection(ExtensibilityGlobals) = postSolution
		SolutionGuid = {B885CE11-5E25-493E-9265-4D26AAFBFF6B}
	EndGlobalSection
EndGlobal
